
Microsoft Visual Studio Solution File, Format Version 12.00
# Visual Studio 15
VisualStudioVersion = 15.0.28010.2048
MinimumVisualStudioVersion = 10.0.40219.1
Project("{8BC9CEB8-8B4A-11D0-8D11-00A0C91BC942}") = "475-Heaters", "475-Heaters\475-Heaters.vcxproj", "{306F9ABF-470F-48A6-ADC1-BF98C59BD8CF}"
EndProject
Project("{8BC9CEB8-8B4A-11D0-8D11-00A0C91BC942}") = "355-Design-Twitter", "355-Design-Twitter\355-Design-Twitter.vcxproj", "{1BEBED83-C51D-4CF8-9141-3BE39DF48561}"
EndProject
Project("{8BC9CEB8-8B4A-11D0-8D11-00A0C91BC942}") = "765-Couples-Holding-Hands", "765-Couples-Holding-Hands\765-Couples-Holding-Hands.vcxproj", "{EDE11199-84D4-4A73-BBA6-81C06A7492B4}"
EndProject
Project("{8BC9CEB8-8B4A-11D0-8D11-00A0C91BC942}") = "460-LFU-Cache", "460-LFU-Cache\460-LFU-Cache.vcxproj", "{4595836B-5F75-4A5A-8C87-4283EAC03D01}"
EndProject
Project("{8BC9CEB8-8B4A-11D0-8D11-00A0C91BC942}") = "887-Super-Egg-Drop", "887-Super-Egg-Drop\887-Super-Egg-Drop.vcxproj", "{F76A764C-E791-4402-8CEE-3C7300E03502}"
EndProject
Project("{8BC9CEB8-8B4A-11D0-8D11-00A0C91BC942}") = "496-Next-Greater-Element-I", "496-Next-Greater-Element-I\496-Next-Greater-Element-I.vcxproj", "{28253BE9-622D-4CAB-A0EC-78842AF55A08}"
EndProject
Project("{8BC9CEB8-8B4A-11D0-8D11-00A0C91BC942}") = "933-Number-of-Recent-Calls", "933-Number-of-Recent-Calls\933-Number-of-Recent-Calls.vcxproj", "{8F242BDE-7F76-4FD5-8A07-BCF5F09360BF}"
EndProject
Project("{8BC9CEB8-8B4A-11D0-8D11-00A0C91BC942}") = "104-Maximum-Depth-of-Binary-Tree", "104-Maximum-Depth-of-Binary-Tree\104-Maximum-Depth-of-Binary-Tree.vcxproj", "{29A36A42-E48E-481D-9B3A-8FBA3679E8CE}"
EndProject
Project("{8BC9CEB8-8B4A-11D0-8D11-00A0C91BC942}") = "543-Diameter-of-Binary-Tree", "543-Diameter-of-Binary-Tree\543-Diameter-of-Binary-Tree.vcxproj", "{E7F20C10-BFF0-4337-AE5F-8FB1294BF09F}"
EndProject
Project("{8BC9CEB8-8B4A-11D0-8D11-00A0C91BC942}") = "709-To-Lower-Case", "709-To-Lower-Case\709-To-Lower-Case.vcxproj", "{EB4AF8B0-F659-4F13-8554-FF7EF4D7165E}"
EndProject
Project("{8BC9CEB8-8B4A-11D0-8D11-00A0C91BC942}") = "807-Max-Increase-to-Keep-City-Skyline", "807-Max-Increase-to-Keep-City-Skyline\807-Max-Increase-to-Keep-City-Skyline.vcxproj", "{D1802834-655D-45FA-A04D-FD0E7B63D410}"
EndProject
Project("{8BC9CEB8-8B4A-11D0-8D11-00A0C91BC942}") = "461-Hamming-Distance", "461-Hamming-Distance\461-Hamming-Distance.vcxproj", "{6A9930DB-A61E-42B8-8E93-27C5D1274112}"
EndProject
Project("{8BC9CEB8-8B4A-11D0-8D11-00A0C91BC942}") = "131-Palindrome-Partitioning", "131-Palindrome-Partitioning\131-Palindrome-Partitioning.vcxproj", "{505158D9-C222-4150-956C-D74D01E31113}"
EndProject
Project("{8BC9CEB8-8B4A-11D0-8D11-00A0C91BC942}") = "717-1-bit-and-2-bit-Characters", "717-1-bit-and-2-bit-Characters\717-1-bit-and-2-bit-Characters.vcxproj", "{715473A1-DFD9-4888-9F12-9636EAD06D8C}"
EndProject
Project("{8BC9CEB8-8B4A-11D0-8D11-00A0C91BC942}") = "738-Monotone-Increasing-Digits", "738-Monotone-Increasing-Digits\738-Monotone-Increasing-Digits.vcxproj", "{A76F5C68-A0B8-454F-81A6-02AAB4F9D42D}"
EndProject
Project("{8BC9CEB8-8B4A-11D0-8D11-00A0C91BC942}") = "402-Remove-K-Digits", "402-Remove-K-Digits\402-Remove-K-Digits.vcxproj", "{441462A6-9240-45D3-929E-5D8819FB16C2}"
EndProject
Project("{8BC9CEB8-8B4A-11D0-8D11-00A0C91BC942}") = "447-Number-of-Boomerangs", "447-Number-of-Boomerangs\447-Number-of-Boomerangs.vcxproj", "{3DD5E0E6-C76F-4264-A1C0-E69A919D5678}"
EndProject
Project("{8BC9CEB8-8B4A-11D0-8D11-00A0C91BC942}") = "458-Poor-Pigs", "458-Poor-Pigs\458-Poor-Pigs.vcxproj", "{BC2197C7-F498-469A-AB82-20E1C422000D}"
EndProject
Global
	GlobalSection(SolutionConfigurationPlatforms) = preSolution
		Debug|x64 = Debug|x64
		Debug|x86 = Debug|x86
		Release|x64 = Release|x64
		Release|x86 = Release|x86
	EndGlobalSection
	GlobalSection(ProjectConfigurationPlatforms) = postSolution
		{306F9ABF-470F-48A6-ADC1-BF98C59BD8CF}.Debug|x64.ActiveCfg = Debug|x64
		{306F9ABF-470F-48A6-ADC1-BF98C59BD8CF}.Debug|x64.Build.0 = Debug|x64
		{306F9ABF-470F-48A6-ADC1-BF98C59BD8CF}.Debug|x86.ActiveCfg = Debug|Win32
		{306F9ABF-470F-48A6-ADC1-BF98C59BD8CF}.Debug|x86.Build.0 = Debug|Win32
		{306F9ABF-470F-48A6-ADC1-BF98C59BD8CF}.Release|x64.ActiveCfg = Release|x64
		{306F9ABF-470F-48A6-ADC1-BF98C59BD8CF}.Release|x64.Build.0 = Release|x64
		{306F9ABF-470F-48A6-ADC1-BF98C59BD8CF}.Release|x86.ActiveCfg = Release|Win32
		{306F9ABF-470F-48A6-ADC1-BF98C59BD8CF}.Release|x86.Build.0 = Release|Win32
		{1BEBED83-C51D-4CF8-9141-3BE39DF48561}.Debug|x64.ActiveCfg = Debug|x64
		{1BEBED83-C51D-4CF8-9141-3BE39DF48561}.Debug|x64.Build.0 = Debug|x64
		{1BEBED83-C51D-4CF8-9141-3BE39DF48561}.Debug|x86.ActiveCfg = Debug|Win32
		{1BEBED83-C51D-4CF8-9141-3BE39DF48561}.Debug|x86.Build.0 = Debug|Win32
		{1BEBED83-C51D-4CF8-9141-3BE39DF48561}.Release|x64.ActiveCfg = Release|x64
		{1BEBED83-C51D-4CF8-9141-3BE39DF48561}.Release|x64.Build.0 = Release|x64
		{1BEBED83-C51D-4CF8-9141-3BE39DF48561}.Release|x86.ActiveCfg = Release|Win32
		{1BEBED83-C51D-4CF8-9141-3BE39DF48561}.Release|x86.Build.0 = Release|Win32
		{EDE11199-84D4-4A73-BBA6-81C06A7492B4}.Debug|x64.ActiveCfg = Debug|x64
		{EDE11199-84D4-4A73-BBA6-81C06A7492B4}.Debug|x64.Build.0 = Debug|x64
		{EDE11199-84D4-4A73-BBA6-81C06A7492B4}.Debug|x86.ActiveCfg = Debug|Win32
		{EDE11199-84D4-4A73-BBA6-81C06A7492B4}.Debug|x86.Build.0 = Debug|Win32
		{EDE11199-84D4-4A73-BBA6-81C06A7492B4}.Release|x64.ActiveCfg = Release|x64
		{EDE11199-84D4-4A73-BBA6-81C06A7492B4}.Release|x64.Build.0 = Release|x64
		{EDE11199-84D4-4A73-BBA6-81C06A7492B4}.Release|x86.ActiveCfg = Release|Win32
		{EDE11199-84D4-4A73-BBA6-81C06A7492B4}.Release|x86.Build.0 = Release|Win32
		{4595836B-5F75-4A5A-8C87-4283EAC03D01}.Debug|x64.ActiveCfg = Debug|x64
		{4595836B-5F75-4A5A-8C87-4283EAC03D01}.Debug|x64.Build.0 = Debug|x64
		{4595836B-5F75-4A5A-8C87-4283EAC03D01}.Debug|x86.ActiveCfg = Debug|Win32
		{4595836B-5F75-4A5A-8C87-4283EAC03D01}.Debug|x86.Build.0 = Debug|Win32
		{4595836B-5F75-4A5A-8C87-4283EAC03D01}.Release|x64.ActiveCfg = Release|x64
		{4595836B-5F75-4A5A-8C87-4283EAC03D01}.Release|x64.Build.0 = Release|x64
		{4595836B-5F75-4A5A-8C87-4283EAC03D01}.Release|x86.ActiveCfg = Release|Win32
		{4595836B-5F75-4A5A-8C87-4283EAC03D01}.Release|x86.Build.0 = Release|Win32
		{F76A764C-E791-4402-8CEE-3C7300E03502}.Debug|x64.ActiveCfg = Debug|x64
		{F76A764C-E791-4402-8CEE-3C7300E03502}.Debug|x64.Build.0 = Debug|x64
		{F76A764C-E791-4402-8CEE-3C7300E03502}.Debug|x86.ActiveCfg = Debug|Win32
		{F76A764C-E791-4402-8CEE-3C7300E03502}.Debug|x86.Build.0 = Debug|Win32
		{F76A764C-E791-4402-8CEE-3C7300E03502}.Release|x64.ActiveCfg = Release|x64
		{F76A764C-E791-4402-8CEE-3C7300E03502}.Release|x64.Build.0 = Release|x64
		{F76A764C-E791-4402-8CEE-3C7300E03502}.Release|x86.ActiveCfg = Release|Win32
		{F76A764C-E791-4402-8CEE-3C7300E03502}.Release|x86.Build.0 = Release|Win32
		{28253BE9-622D-4CAB-A0EC-78842AF55A08}.Debug|x64.ActiveCfg = Debug|x64
		{28253BE9-622D-4CAB-A0EC-78842AF55A08}.Debug|x64.Build.0 = Debug|x64
		{28253BE9-622D-4CAB-A0EC-78842AF55A08}.Debug|x86.ActiveCfg = Debug|Win32
		{28253BE9-622D-4CAB-A0EC-78842AF55A08}.Debug|x86.Build.0 = Debug|Win32
		{28253BE9-622D-4CAB-A0EC-78842AF55A08}.Release|x64.ActiveCfg = Release|x64
		{28253BE9-622D-4CAB-A0EC-78842AF55A08}.Release|x64.Build.0 = Release|x64
		{28253BE9-622D-4CAB-A0EC-78842AF55A08}.Release|x86.ActiveCfg = Release|Win32
		{28253BE9-622D-4CAB-A0EC-78842AF55A08}.Release|x86.Build.0 = Release|Win32
		{8F242BDE-7F76-4FD5-8A07-BCF5F09360BF}.Debug|x64.ActiveCfg = Debug|x64
		{8F242BDE-7F76-4FD5-8A07-BCF5F09360BF}.Debug|x64.Build.0 = Debug|x64
		{8F242BDE-7F76-4FD5-8A07-BCF5F09360BF}.Debug|x86.ActiveCfg = Debug|Win32
		{8F242BDE-7F76-4FD5-8A07-BCF5F09360BF}.Debug|x86.Build.0 = Debug|Win32
		{8F242BDE-7F76-4FD5-8A07-BCF5F09360BF}.Release|x64.ActiveCfg = Release|x64
		{8F242BDE-7F76-4FD5-8A07-BCF5F09360BF}.Release|x64.Build.0 = Release|x64
		{8F242BDE-7F76-4FD5-8A07-BCF5F09360BF}.Release|x86.ActiveCfg = Release|Win32
		{8F242BDE-7F76-4FD5-8A07-BCF5F09360BF}.Release|x86.Build.0 = Release|Win32
		{29A36A42-E48E-481D-9B3A-8FBA3679E8CE}.Debug|x64.ActiveCfg = Debug|x64
		{29A36A42-E48E-481D-9B3A-8FBA3679E8CE}.Debug|x64.Build.0 = Debug|x64
		{29A36A42-E48E-481D-9B3A-8FBA3679E8CE}.Debug|x86.ActiveCfg = Debug|Win32
		{29A36A42-E48E-481D-9B3A-8FBA3679E8CE}.Debug|x86.Build.0 = Debug|Win32
		{29A36A42-E48E-481D-9B3A-8FBA3679E8CE}.Release|x64.ActiveCfg = Release|x64
		{29A36A42-E48E-481D-9B3A-8FBA3679E8CE}.Release|x64.Build.0 = Release|x64
		{29A36A42-E48E-481D-9B3A-8FBA3679E8CE}.Release|x86.ActiveCfg = Release|Win32
		{29A36A42-E48E-481D-9B3A-8FBA3679E8CE}.Release|x86.Build.0 = Release|Win32
		{E7F20C10-BFF0-4337-AE5F-8FB1294BF09F}.Debug|x64.ActiveCfg = Debug|x64
		{E7F20C10-BFF0-4337-AE5F-8FB1294BF09F}.Debug|x64.Build.0 = Debug|x64
		{E7F20C10-BFF0-4337-AE5F-8FB1294BF09F}.Debug|x86.ActiveCfg = Debug|Win32
		{E7F20C10-BFF0-4337-AE5F-8FB1294BF09F}.Debug|x86.Build.0 = Debug|Win32
		{E7F20C10-BFF0-4337-AE5F-8FB1294BF09F}.Release|x64.ActiveCfg = Release|x64
		{E7F20C10-BFF0-4337-AE5F-8FB1294BF09F}.Release|x64.Build.0 = Release|x64
		{E7F20C10-BFF0-4337-AE5F-8FB1294BF09F}.Release|x86.ActiveCfg = Release|Win32
		{E7F20C10-BFF0-4337-AE5F-8FB1294BF09F}.Release|x86.Build.0 = Release|Win32
		{EB4AF8B0-F659-4F13-8554-FF7EF4D7165E}.Debug|x64.ActiveCfg = Debug|x64
		{EB4AF8B0-F659-4F13-8554-FF7EF4D7165E}.Debug|x64.Build.0 = Debug|x64
		{EB4AF8B0-F659-4F13-8554-FF7EF4D7165E}.Debug|x86.ActiveCfg = Debug|Win32
		{EB4AF8B0-F659-4F13-8554-FF7EF4D7165E}.Debug|x86.Build.0 = Debug|Win32
		{EB4AF8B0-F659-4F13-8554-FF7EF4D7165E}.Release|x64.ActiveCfg = Release|x64
		{EB4AF8B0-F659-4F13-8554-FF7EF4D7165E}.Release|x64.Build.0 = Release|x64
		{EB4AF8B0-F659-4F13-8554-FF7EF4D7165E}.Release|x86.ActiveCfg = Release|Win32
		{EB4AF8B0-F659-4F13-8554-FF7EF4D7165E}.Release|x86.Build.0 = Release|Win32
		{D1802834-655D-45FA-A04D-FD0E7B63D410}.Debug|x64.ActiveCfg = Debug|x64
		{D1802834-655D-45FA-A04D-FD0E7B63D410}.Debug|x64.Build.0 = Debug|x64
		{D1802834-655D-45FA-A04D-FD0E7B63D410}.Debug|x86.ActiveCfg = Debug|Win32
		{D1802834-655D-45FA-A04D-FD0E7B63D410}.Debug|x86.Build.0 = Debug|Win32
		{D1802834-655D-45FA-A04D-FD0E7B63D410}.Release|x64.ActiveCfg = Release|x64
		{D1802834-655D-45FA-A04D-FD0E7B63D410}.Release|x64.Build.0 = Release|x64
		{D1802834-655D-45FA-A04D-FD0E7B63D410}.Release|x86.ActiveCfg = Release|Win32
		{D1802834-655D-45FA-A04D-FD0E7B63D410}.Release|x86.Build.0 = Release|Win32
		{6A9930DB-A61E-42B8-8E93-27C5D1274112}.Debug|x64.ActiveCfg = Debug|x64
		{6A9930DB-A61E-42B8-8E93-27C5D1274112}.Debug|x64.Build.0 = Debug|x64
		{6A9930DB-A61E-42B8-8E93-27C5D1274112}.Debug|x86.ActiveCfg = Debug|Win32
		{6A9930DB-A61E-42B8-8E93-27C5D1274112}.Debug|x86.Build.0 = Debug|Win32
		{6A9930DB-A61E-42B8-8E93-27C5D1274112}.Release|x64.ActiveCfg = Release|x64
		{6A9930DB-A61E-42B8-8E93-27C5D1274112}.Release|x64.Build.0 = Release|x64
		{6A9930DB-A61E-42B8-8E93-27C5D1274112}.Release|x86.ActiveCfg = Release|Win32
		{6A9930DB-A61E-42B8-8E93-27C5D1274112}.Release|x86.Build.0 = Release|Win32
		{505158D9-C222-4150-956C-D74D01E31113}.Debug|x64.ActiveCfg = Debug|x64
		{505158D9-C222-4150-956C-D74D01E31113}.Debug|x64.Build.0 = Debug|x64
		{505158D9-C222-4150-956C-D74D01E31113}.Debug|x86.ActiveCfg = Debug|Win32
		{505158D9-C222-4150-956C-D74D01E31113}.Debug|x86.Build.0 = Debug|Win32
		{505158D9-C222-4150-956C-D74D01E31113}.Release|x64.ActiveCfg = Release|x64
		{505158D9-C222-4150-956C-D74D01E31113}.Release|x64.Build.0 = Release|x64
		{505158D9-C222-4150-956C-D74D01E31113}.Release|x86.ActiveCfg = Release|Win32
		{505158D9-C222-4150-956C-D74D01E31113}.Release|x86.Build.0 = Release|Win32
		{715473A1-DFD9-4888-9F12-9636EAD06D8C}.Debug|x64.ActiveCfg = Debug|x64
		{715473A1-DFD9-4888-9F12-9636EAD06D8C}.Debug|x64.Build.0 = Debug|x64
		{715473A1-DFD9-4888-9F12-9636EAD06D8C}.Debug|x86.ActiveCfg = Debug|Win32
		{715473A1-DFD9-4888-9F12-9636EAD06D8C}.Debug|x86.Build.0 = Debug|Win32
		{715473A1-DFD9-4888-9F12-9636EAD06D8C}.Release|x64.ActiveCfg = Release|x64
		{715473A1-DFD9-4888-9F12-9636EAD06D8C}.Release|x64.Build.0 = Release|x64
		{715473A1-DFD9-4888-9F12-9636EAD06D8C}.Release|x86.ActiveCfg = Release|Win32
		{715473A1-DFD9-4888-9F12-9636EAD06D8C}.Release|x86.Build.0 = Release|Win32
		{A76F5C68-A0B8-454F-81A6-02AAB4F9D42D}.Debug|x64.ActiveCfg = Debug|x64
		{A76F5C68-A0B8-454F-81A6-02AAB4F9D42D}.Debug|x64.Build.0 = Debug|x64
		{A76F5C68-A0B8-454F-81A6-02AAB4F9D42D}.Debug|x86.ActiveCfg = Debug|Win32
		{A76F5C68-A0B8-454F-81A6-02AAB4F9D42D}.Debug|x86.Build.0 = Debug|Win32
		{A76F5C68-A0B8-454F-81A6-02AAB4F9D42D}.Release|x64.ActiveCfg = Release|x64
		{A76F5C68-A0B8-454F-81A6-02AAB4F9D42D}.Release|x64.Build.0 = Release|x64
		{A76F5C68-A0B8-454F-81A6-02AAB4F9D42D}.Release|x86.ActiveCfg = Release|Win32
		{A76F5C68-A0B8-454F-81A6-02AAB4F9D42D}.Release|x86.Build.0 = Release|Win32
		{441462A6-9240-45D3-929E-5D8819FB16C2}.Debug|x64.ActiveCfg = Debug|x64
		{441462A6-9240-45D3-929E-5D8819FB16C2}.Debug|x64.Build.0 = Debug|x64
		{441462A6-9240-45D3-929E-5D8819FB16C2}.Debug|x86.ActiveCfg = Debug|Win32
		{441462A6-9240-45D3-929E-5D8819FB16C2}.Debug|x86.Build.0 = Debug|Win32
		{441462A6-9240-45D3-929E-5D8819FB16C2}.Release|x64.ActiveCfg = Release|x64
		{441462A6-9240-45D3-929E-5D8819FB16C2}.Release|x64.Build.0 = Release|x64
		{441462A6-9240-45D3-929E-5D8819FB16C2}.Release|x86.ActiveCfg = Release|Win32
		{441462A6-9240-45D3-929E-5D8819FB16C2}.Release|x86.Build.0 = Release|Win32
		{3DD5E0E6-C76F-4264-A1C0-E69A919D5678}.Debug|x64.ActiveCfg = Debug|x64
		{3DD5E0E6-C76F-4264-A1C0-E69A919D5678}.Debug|x64.Build.0 = Debug|x64
		{3DD5E0E6-C76F-4264-A1C0-E69A919D5678}.Debug|x86.ActiveCfg = Debug|Win32
		{3DD5E0E6-C76F-4264-A1C0-E69A919D5678}.Debug|x86.Build.0 = Debug|Win32
		{3DD5E0E6-C76F-4264-A1C0-E69A919D5678}.Release|x64.ActiveCfg = Release|x64
		{3DD5E0E6-C76F-4264-A1C0-E69A919D5678}.Release|x64.Build.0 = Release|x64
		{3DD5E0E6-C76F-4264-A1C0-E69A919D5678}.Release|x86.ActiveCfg = Release|Win32
		{3DD5E0E6-C76F-4264-A1C0-E69A919D5678}.Release|x86.Build.0 = Release|Win32
		{BC2197C7-F498-469A-AB82-20E1C422000D}.Debug|x64.ActiveCfg = Debug|x64
		{BC2197C7-F498-469A-AB82-20E1C422000D}.Debug|x64.Build.0 = Debug|x64
		{BC2197C7-F498-469A-AB82-20E1C422000D}.Debug|x86.ActiveCfg = Debug|Win32
		{BC2197C7-F498-469A-AB82-20E1C422000D}.Debug|x86.Build.0 = Debug|Win32
		{BC2197C7-F498-469A-AB82-20E1C422000D}.Release|x64.ActiveCfg = Release|x64
		{BC2197C7-F498-469A-AB82-20E1C422000D}.Release|x64.Build.0 = Release|x64
		{BC2197C7-F498-469A-AB82-20E1C422000D}.Release|x86.ActiveCfg = Release|Win32
		{BC2197C7-F498-469A-AB82-20E1C422000D}.Release|x86.Build.0 = Release|Win32
	EndGlobalSection
	GlobalSection(SolutionProperties) = preSolution
		HideSolutionNode = FALSE
	EndGlobalSection
	GlobalSection(ExtensibilityGlobals) = postSolution
		SolutionGuid = {46F2E012-E25F-4DFE-B57E-931A77F09873}
	EndGlobalSection
EndGlobal
